
Microsoft Visual Studio Solution File, Format Version 12.00
# Visual Studio Version 17
VisualStudioVersion = 17.0.31903.59
MinimumVisualStudioVersion = 10.0.40219.1
Project("{2150E333-8FDC-42A3-9474-1A3956D46DE8}") = "Api", "Api", "{D82C56D6-B2CD-F611-9E31-04638F7EC30E}"
EndProject
Project("{FAE04EC0-301F-11D3-BF4B-00C04F79EFBC}") = "UrlShortener.Api", "Api\src\UrlShortener.Api\UrlShortener.Api.csproj", "{EB6C128F-AE7B-4B71-A4CA-AAA0190EA7C5}"
EndProject
Project("{2150E333-8FDC-42A3-9474-1A3956D46DE8}") = "src", "src", "{2EA3E342-6572-4D03-ACE4-17649E31C6F8}"
EndProject
Project("{2150E333-8FDC-42A3-9474-1A3956D46DE8}") = "tests", "tests", "{CBE2916D-EF40-4A29-91E5-3FDA6A2892D0}"
EndProject
Project("{FAE04EC0-301F-11D3-BF4B-00C04F79EFBC}") = "UrlShortener.Api.Core.Tests", "Api\tests\UrlShortener.Api.Core.Tests\UrlShortener.Api.Core.Tests.csproj", "{44AD8D00-9409-4127-B610-AE29CF04610B}"
EndProject
Project("{FAE04EC0-301F-11D3-BF4B-00C04F79EFBC}") = "UrlShortener.Core", "Api\src\UrlShortener.Core\UrlShortener.Core.csproj", "{0CF153ED-4359-4B2C-928B-F03B49C4A807}"
EndProject
Global
	GlobalSection(SolutionConfigurationPlatforms) = preSolution
		Debug|Any CPU = Debug|Any CPU
		Debug|x64 = Debug|x64
		Debug|x86 = Debug|x86
		Release|Any CPU = Release|Any CPU
		Release|x64 = Release|x64
		Release|x86 = Release|x86
	EndGlobalSection
	GlobalSection(ProjectConfigurationPlatforms) = postSolution
		{EB6C128F-AE7B-4B71-A4CA-AAA0190EA7C5}.Debug|Any CPU.ActiveCfg = Debug|Any CPU
		{EB6C128F-AE7B-4B71-A4CA-AAA0190EA7C5}.Debug|Any CPU.Build.0 = Debug|Any CPU
		{EB6C128F-AE7B-4B71-A4CA-AAA0190EA7C5}.Debug|x64.ActiveCfg = Debug|Any CPU
		{EB6C128F-AE7B-4B71-A4CA-AAA0190EA7C5}.Debug|x64.Build.0 = Debug|Any CPU
		{EB6C128F-AE7B-4B71-A4CA-AAA0190EA7C5}.Debug|x86.ActiveCfg = Debug|Any CPU
		{EB6C128F-AE7B-4B71-A4CA-AAA0190EA7C5}.Debug|x86.Build.0 = Debug|Any CPU
		{EB6C128F-AE7B-4B71-A4CA-AAA0190EA7C5}.Release|Any CPU.ActiveCfg = Release|Any CPU
		{EB6C128F-AE7B-4B71-A4CA-AAA0190EA7C5}.Release|Any CPU.Build.0 = Release|Any CPU
		{EB6C128F-AE7B-4B71-A4CA-AAA0190EA7C5}.Release|x64.ActiveCfg = Release|Any CPU
		{EB6C128F-AE7B-4B71-A4CA-AAA0190EA7C5}.Release|x64.Build.0 = Release|Any CPU
		{EB6C128F-AE7B-4B71-A4CA-AAA0190EA7C5}.Release|x86.ActiveCfg = Release|Any CPU
		{EB6C128F-AE7B-4B71-A4CA-AAA0190EA7C5}.Release|x86.Build.0 = Release|Any CPU
		{44AD8D00-9409-4127-B610-AE29CF04610B}.Debug|Any CPU.ActiveCfg = Debug|Any CPU
		{44AD8D00-9409-4127-B610-AE29CF04610B}.Debug|Any CPU.Build.0 = Debug|Any CPU
		{44AD8D00-9409-4127-B610-AE29CF04610B}.Debug|x64.ActiveCfg = Debug|Any CPU
		{44AD8D00-9409-4127-B610-AE29CF04610B}.Debug|x64.Build.0 = Debug|Any CPU
		{44AD8D00-9409-4127-B610-AE29CF04610B}.Debug|x86.ActiveCfg = Debug|Any CPU
		{44AD8D00-9409-4127-B610-AE29CF04610B}.Debug|x86.Build.0 = Debug|Any CPU
		{44AD8D00-9409-4127-B610-AE29CF04610B}.Release|Any CPU.ActiveCfg = Release|Any CPU
		{44AD8D00-9409-4127-B610-AE29CF04610B}.Release|Any CPU.Build.0 = Release|Any CPU
		{44AD8D00-9409-4127-B610-AE29CF04610B}.Release|x64.ActiveCfg = Release|Any CPU
		{44AD8D00-9409-4127-B610-AE29CF04610B}.Release|x64.Build.0 = Release|Any CPU
		{44AD8D00-9409-4127-B610-AE29CF04610B}.Release|x86.ActiveCfg = Release|Any CPU
		{44AD8D00-9409-4127-B610-AE29CF04610B}.Release|x86.Build.0 = Release|Any CPU
		{0CF153ED-4359-4B2C-928B-F03B49C4A807}.Debug|Any CPU.ActiveCfg = Debug|Any CPU
		{0CF153ED-4359-4B2C-928B-F03B49C4A807}.Debug|Any CPU.Build.0 = Debug|Any CPU
		{0CF153ED-4359-4B2C-928B-F03B49C4A807}.Debug|x64.ActiveCfg = Debug|Any CPU
		{0CF153ED-4359-4B2C-928B-F03B49C4A807}.Debug|x64.Build.0 = Debug|Any CPU
		{0CF153ED-4359-4B2C-928B-F03B49C4A807}.Debug|x86.ActiveCfg = Debug|Any CPU
		{0CF153ED-4359-4B2C-928B-F03B49C4A807}.Debug|x86.Build.0 = Debug|Any CPU
		{0CF153ED-4359-4B2C-928B-F03B49C4A807}.Release|Any CPU.ActiveCfg = Release|Any CPU
		{0CF153ED-4359-4B2C-928B-F03B49C4A807}.Release|Any CPU.Build.0 = Release|Any CPU
		{0CF153ED-4359-4B2C-928B-F03B49C4A807}.Release|x64.ActiveCfg = Release|Any CPU
		{0CF153ED-4359-4B2C-928B-F03B49C4A807}.Release|x64.Build.0 = Release|Any CPU
		{0CF153ED-4359-4B2C-928B-F03B49C4A807}.Release|x86.ActiveCfg = Release|Any CPU
		{0CF153ED-4359-4B2C-928B-F03B49C4A807}.Release|x86.Build.0 = Release|Any CPU
	EndGlobalSection
	GlobalSection(SolutionProperties) = preSolution
		HideSolutionNode = FALSE
	EndGlobalSection
	GlobalSection(NestedProjects) = preSolution
		{2EA3E342-6572-4D03-ACE4-17649E31C6F8} = {D82C56D6-B2CD-F611-9E31-04638F7EC30E}
		{EB6C128F-AE7B-4B71-A4CA-AAA0190EA7C5} = {2EA3E342-6572-4D03-ACE4-17649E31C6F8}
		{CBE2916D-EF40-4A29-91E5-3FDA6A2892D0} = {D82C56D6-B2CD-F611-9E31-04638F7EC30E}
		{44AD8D00-9409-4127-B610-AE29CF04610B} = {CBE2916D-EF40-4A29-91E5-3FDA6A2892D0}
		{0CF153ED-4359-4B2C-928B-F03B49C4A807} = {2EA3E342-6572-4D03-ACE4-17649E31C6F8}
	EndGlobalSection
EndGlobal
